{
  "name": "Scroll menu project",
  "lockfileVersion": 3,
  "requires": true,
  "packages": {
    "": {
      "dependencies": {
        "@types/node": "^25.3.5",
        "@types/react": "^19.2.14",
        "gsap": "^3.14.2"
      }
    },
    "node_modules/@types/node": {
      "version": "25.3.5",
      "resolved": "https://registry.npmjs.org/@types/node/-/node-25.3.5.tgz",
      "integrity": "sha512-oX8xrhvpiyRCQkG1MFchB09f+cXftgIXb3a7UUa4Y3wpmZPw5tyZGTLWhlESOLq1Rq6oDlc8npVU2/9xiCuXMA==",
      "license": "MIT",
      "dependencies": {
        "undici-types": "~7.18.0"
      }
    },
    "node_modules/@types/react": {
      "version": "19.2.14",
      "resolved": "https://registry.npmjs.org/@types/react/-/react-19.2.14.tgz",
      "integrity": "sha512-ilcTH/UniCkMdtexkoCN0bI7pMcJDvmQFPvuPvmEaYA/NSfFTAgdUSLAoVjaRJm7+6PvcM+q1zYOwS4wTYMF9w==",
      "license": "MIT",
      "dependencies": {
        "csstype": "^3.2.2"
      }
    },
    "node_modules/csstype": {
      "version": "3.2.3",
      "resolved": "https://registry.npmjs.org/csstype/-/csstype-3.2.3.tgz",
      "integrity": "sha512-z1HGKcYy2xA8AGQfwrn0PAy+PB7X/GSj3UVJW9qKyn43xWa+gl5nXmU4qqLMRzWVLFC8KusUX8T/0kCiOYpAIQ==",
      "license": "MIT"
    },
    "node_modules/gsap": {
      "version": "3.14.2",
      "resolved": "https://registry.npmjs.org/gsap/-/gsap-3.14.2.tgz",
      "integrity": "sha512-P8/mMxVLU7o4+55+1TCnQrPmgjPKnwkzkXOK1asnR9Jg2lna4tEY5qBJjMmAaOBDDZWtlRjBXjLa0w53G/uBLA==",
      "license": "Standard 'no charge' license: https://gsap.com/standard-license."
    },
    "node_modules/undici-types": {
      "version": "7.18.2",
      "resolved": "https://registry.npmjs.org/undici-types/-/undici-types-7.18.2.tgz",
      "integrity": "sha512-AsuCzffGHJybSaRrmr5eHr81mwJU3kjw6M+uprWvCXiNeN9SOGwQ3Jn8jb8m3Z6izVgknn1R0FTCEAP2QrLY/w==",
      "license": "MIT"
    }
  }
}
